github.com/google/uuid v1.3.0 h1:t6JiXgmwXMjEs8VusXIJk2BXHsn+wx8BZdTaoZ5fu7I=
github.com/google/uuid v1.3.0/go.mod h1:TIyPZe4MgqvfeYDBFedMoGGpEw/LqOeaOT+nhxU+yHo=
github.com/mvult/httpStreamWriter v1.0.3 h1:GD9FVCtS7j7W5+lPp7Eg1hjPBF9jSlEcX0b1sMiwfa0=
github.com/mvult/httpStreamWriter v1.0.3/go.mod h1:RvEVEmtbDUdFRyKQzTKoG6lOY9MG+w7pfbv05liDzMc=
